
Microsoft Visual Studio Solution File, Format Version 12.00
# Visual Studio Version 16
VisualStudioVersion = 16.0.29306.81
MinimumVisualStudioVersion = 10.0.40219.1
Project("{9A19103F-16F7-4668-BE54-9A1E7A4F7556}") = "StarTrekIpsum", "StarTrekIpsum\StarTrekIpsum.csproj", "{BB473031-DD99-4ED1-A9A2-3633D3F9E1FE}"
EndProject
Project("{9A19103F-16F7-4668-BE54-9A1E7A4F7556}") = "StarTrekIpsum.Tests", "StarTrekIpsum.Tests\StarTrekIpsum.Tests.csproj", "{FAD4159D-2640-4C53-A732-2CBF5431F48C}"
EndProject
Project("{9A19103F-16F7-4668-BE54-9A1E7A4F7556}") = "StarTrekIpsum.Client", "StarTrekIpsum.Client\StarTrekIpsum.Client.csproj", "{43F3A9B8-0A53-43D6-AD87-DB7BAD5BE3E6}"
EndProject
Project("{9A19103F-16F7-4668-BE54-9A1E7A4F7556}") = "StarTrekIpsum.Server", "StarTrekIpsum.Server\StarTrekIpsum.Server.csproj", "{78B11306-E94F-45D8-8061-3998866F01D2}"
EndProject
Project("{FAE04EC0-301F-11D3-BF4B-00C04F79EFBC}") = "StarTrekIpsum.Integration.Tests", "StarTrekIpsum.Integration.Tests\StarTrekIpsum.Integration.Tests.csproj", "{3AE706BD-9D7E-42D8-8CE0-82542BCDC06C}"
EndProject
Global
	GlobalSection(SolutionConfigurationPlatforms) = preSolution
		Debug|Any CPU = Debug|Any CPU
		Release|Any CPU = Release|Any CPU
	EndGlobalSection
	GlobalSection(ProjectConfigurationPlatforms) = postSolution
		{BB473031-DD99-4ED1-A9A2-3633D3F9E1FE}.Debug|Any CPU.ActiveCfg = Debug|Any CPU
		{BB473031-DD99-4ED1-A9A2-3633D3F9E1FE}.Debug|Any CPU.Build.0 = Debug|Any CPU
		{BB473031-DD99-4ED1-A9A2-3633D3F9E1FE}.Release|Any CPU.ActiveCfg = Release|Any CPU
		{BB473031-DD99-4ED1-A9A2-3633D3F9E1FE}.Release|Any CPU.Build.0 = Release|Any CPU
		{FAD4159D-2640-4C53-A732-2CBF5431F48C}.Debug|Any CPU.ActiveCfg = Debug|Any CPU
		{FAD4159D-2640-4C53-A732-2CBF5431F48C}.Debug|Any CPU.Build.0 = Debug|Any CPU
		{FAD4159D-2640-4C53-A732-2CBF5431F48C}.Release|Any CPU.ActiveCfg = Release|Any CPU
		{FAD4159D-2640-4C53-A732-2CBF5431F48C}.Release|Any CPU.Build.0 = Release|Any CPU
		{43F3A9B8-0A53-43D6-AD87-DB7BAD5BE3E6}.Debug|Any CPU.ActiveCfg = Debug|Any CPU
		{43F3A9B8-0A53-43D6-AD87-DB7BAD5BE3E6}.Debug|Any CPU.Build.0 = Debug|Any CPU
		{43F3A9B8-0A53-43D6-AD87-DB7BAD5BE3E6}.Release|Any CPU.ActiveCfg = Release|Any CPU
		{43F3A9B8-0A53-43D6-AD87-DB7BAD5BE3E6}.Release|Any CPU.Build.0 = Release|Any CPU
		{78B11306-E94F-45D8-8061-3998866F01D2}.Debug|Any CPU.ActiveCfg = Debug|Any CPU
		{78B11306-E94F-45D8-8061-3998866F01D2}.Debug|Any CPU.Build.0 = Debug|Any CPU
		{78B11306-E94F-45D8-8061-3998866F01D2}.Release|Any CPU.ActiveCfg = Release|Any CPU
		{78B11306-E94F-45D8-8061-3998866F01D2}.Release|Any CPU.Build.0 = Release|Any CPU
		{3AE706BD-9D7E-42D8-8CE0-82542BCDC06C}.Debug|Any CPU.ActiveCfg = Debug|Any CPU
		{3AE706BD-9D7E-42D8-8CE0-82542BCDC06C}.Debug|Any CPU.Build.0 = Debug|Any CPU
		{3AE706BD-9D7E-42D8-8CE0-82542BCDC06C}.Release|Any CPU.ActiveCfg = Release|Any CPU
		{3AE706BD-9D7E-42D8-8CE0-82542BCDC06C}.Release|Any CPU.Build.0 = Release|Any CPU
	EndGlobalSection
	GlobalSection(SolutionProperties) = preSolution
		HideSolutionNode = FALSE
	EndGlobalSection
	GlobalSection(ExtensibilityGlobals) = postSolution
		SolutionGuid = {C8BF593C-D3B9-451F-899E-2BDCB6488827}
	EndGlobalSection
EndGlobal
